
Microsoft Visual Studio Solution File, Format Version 12.00
# Visual Studio Version 17
VisualStudioVersion = 17.0.32112.339
MinimumVisualStudioVersion = 10.0.40219.1
Project("{9A19103F-16F7-4668-BE54-9A1E7A4F7556}") = "TimesheetManagement.API", "TimesheetManagement.API\TimesheetManagement.API.csproj", "{400F5A68-D901-4641-8B98-A957F106C283}"
EndProject
Project("{2150E333-8FDC-42A3-9474-1A3956D46DE8}") = "Core", "Core", "{8B683E52-9027-4D12-8DB0-18713EBC1045}"
EndProject
Project("{2150E333-8FDC-42A3-9474-1A3956D46DE8}") = "Infrastructure", "Infrastructure", "{9ED6FE9A-63B4-4641-AA96-ACCCAA616C30}"
EndProject
Project("{2150E333-8FDC-42A3-9474-1A3956D46DE8}") = "API", "API", "{1271D51A-ABDB-4C71-B8A0-A3A8AA07A60D}"
EndProject
Project("{9A19103F-16F7-4668-BE54-9A1E7A4F7556}") = "TimesheetManagement.Domain", "TimesheetManagement.Domain\TimesheetManagement.Domain.csproj", "{079EAADC-8079-4E60-9303-D3B42C27E2A5}"
EndProject
Project("{9A19103F-16F7-4668-BE54-9A1E7A4F7556}") = "TimesheetManagement.Services", "TimesheetManagement.Services\TimesheetManagement.Services.csproj", "{8274EEF5-E9B6-4FE4-921D-2FEA4D917850}"
EndProject
Project("{9A19103F-16F7-4668-BE54-9A1E7A4F7556}") = "TimesheetManagement.Utils", "TimesheetManagement.Utils\TimesheetManagement.Utils.csproj", "{C91C9C6C-E477-4B08-BC52-BD8D731B8E02}"
EndProject
Project("{9A19103F-16F7-4668-BE54-9A1E7A4F7556}") = "TimesheetManagement.Data", "TimesheetManagement.Data\TimesheetManagement.Data.csproj", "{642BC627-060D-400B-92FB-77613DB25FB3}"
EndProject
Project("{FAE04EC0-301F-11D3-BF4B-00C04F79EFBC}") = "TimesheetManagement.Contracts", "TimesheetManagement.Contracts\TimesheetManagement.Contracts.csproj", "{9CEFCB4D-EBE8-4278-B213-0AEBDBFC8956}"
EndProject
Project("{2150E333-8FDC-42A3-9474-1A3956D46DE8}") = "Data", "Data", "{8FF45078-5394-45F1-853B-FA0AB2838575}"
EndProject
Project("{2150E333-8FDC-42A3-9474-1A3956D46DE8}") = "Services", "Services", "{860D6C1B-F677-4EF9-8842-A9F6A79C5DE0}"
EndProject
Global
	GlobalSection(SolutionConfigurationPlatforms) = preSolution
		Debug|Any CPU = Debug|Any CPU
		Release|Any CPU = Release|Any CPU
	EndGlobalSection
	GlobalSection(ProjectConfigurationPlatforms) = postSolution
		{400F5A68-D901-4641-8B98-A957F106C283}.Debug|Any CPU.ActiveCfg = Debug|Any CPU
		{400F5A68-D901-4641-8B98-A957F106C283}.Debug|Any CPU.Build.0 = Debug|Any CPU
		{400F5A68-D901-4641-8B98-A957F106C283}.Release|Any CPU.ActiveCfg = Release|Any CPU
		{400F5A68-D901-4641-8B98-A957F106C283}.Release|Any CPU.Build.0 = Release|Any CPU
		{079EAADC-8079-4E60-9303-D3B42C27E2A5}.Debug|Any CPU.ActiveCfg = Debug|Any CPU
		{079EAADC-8079-4E60-9303-D3B42C27E2A5}.Debug|Any CPU.Build.0 = Debug|Any CPU
		{079EAADC-8079-4E60-9303-D3B42C27E2A5}.Release|Any CPU.ActiveCfg = Release|Any CPU
		{079EAADC-8079-4E60-9303-D3B42C27E2A5}.Release|Any CPU.Build.0 = Release|Any CPU
		{8274EEF5-E9B6-4FE4-921D-2FEA4D917850}.Debug|Any CPU.ActiveCfg = Debug|Any CPU
		{8274EEF5-E9B6-4FE4-921D-2FEA4D917850}.Debug|Any CPU.Build.0 = Debug|Any CPU
		{8274EEF5-E9B6-4FE4-921D-2FEA4D917850}.Release|Any CPU.ActiveCfg = Release|Any CPU
		{8274EEF5-E9B6-4FE4-921D-2FEA4D917850}.Release|Any CPU.Build.0 = Release|Any CPU
		{C91C9C6C-E477-4B08-BC52-BD8D731B8E02}.Debug|Any CPU.ActiveCfg = Debug|Any CPU
		{C91C9C6C-E477-4B08-BC52-BD8D731B8E02}.Debug|Any CPU.Build.0 = Debug|Any CPU
		{C91C9C6C-E477-4B08-BC52-BD8D731B8E02}.Release|Any CPU.ActiveCfg = Release|Any CPU
		{C91C9C6C-E477-4B08-BC52-BD8D731B8E02}.Release|Any CPU.Build.0 = Release|Any CPU
		{642BC627-060D-400B-92FB-77613DB25FB3}.Debug|Any CPU.ActiveCfg = Debug|Any CPU
		{642BC627-060D-400B-92FB-77613DB25FB3}.Debug|Any CPU.Build.0 = Debug|Any CPU
		{642BC627-060D-400B-92FB-77613DB25FB3}.Release|Any CPU.ActiveCfg = Release|Any CPU
		{642BC627-060D-400B-92FB-77613DB25FB3}.Release|Any CPU.Build.0 = Release|Any CPU
		{9CEFCB4D-EBE8-4278-B213-0AEBDBFC8956}.Debug|Any CPU.ActiveCfg = Debug|Any CPU
		{9CEFCB4D-EBE8-4278-B213-0AEBDBFC8956}.Debug|Any CPU.Build.0 = Debug|Any CPU
		{9CEFCB4D-EBE8-4278-B213-0AEBDBFC8956}.Release|Any CPU.ActiveCfg = Release|Any CPU
		{9CEFCB4D-EBE8-4278-B213-0AEBDBFC8956}.Release|Any CPU.Build.0 = Release|Any CPU
	EndGlobalSection
	GlobalSection(SolutionProperties) = preSolution
		HideSolutionNode = FALSE
	EndGlobalSection
	GlobalSection(NestedProjects) = preSolution
		{400F5A68-D901-4641-8B98-A957F106C283} = {1271D51A-ABDB-4C71-B8A0-A3A8AA07A60D}
		{079EAADC-8079-4E60-9303-D3B42C27E2A5} = {8B683E52-9027-4D12-8DB0-18713EBC1045}
		{8274EEF5-E9B6-4FE4-921D-2FEA4D917850} = {860D6C1B-F677-4EF9-8842-A9F6A79C5DE0}
		{C91C9C6C-E477-4B08-BC52-BD8D731B8E02} = {9ED6FE9A-63B4-4641-AA96-ACCCAA616C30}
		{642BC627-060D-400B-92FB-77613DB25FB3} = {8FF45078-5394-45F1-853B-FA0AB2838575}
		{9CEFCB4D-EBE8-4278-B213-0AEBDBFC8956} = {8B683E52-9027-4D12-8DB0-18713EBC1045}
	EndGlobalSection
	GlobalSection(ExtensibilityGlobals) = postSolution
		SolutionGuid = {CCFD9620-2479-4946-B0D8-0520FEA5C85B}
	EndGlobalSection
EndGlobal
